
Microsoft Visual Studio Solution File, Format Version 12.00
# Visual Studio Version 17
VisualStudioVersion = 17.8.34408.163
MinimumVisualStudioVersion = 10.0.40219.1
Project("{8BC9CEB8-8B4A-11D0-8D11-00A0C91BC942}") = "aoc", "aoc\aoc.vcxproj", "{B69C8335-6D64-49A5-A236-38472C70863B}"
EndProject
Project("{8BC9CEB8-8B4A-11D0-8D11-00A0C91BC942}") = "day_2", "day_2\day_2.vcxproj", "{38B6EE9B-7E89-43AD-90EF-0914F490F9F5}"
EndProject
Project("{8BC9CEB8-8B4A-11D0-8D11-00A0C91BC942}") = "day_3", "day_3\day_3.vcxproj", "{F0D7DD35-B773-4EEF-9054-0DF339C3289F}"
EndProject
Project("{8BC9CEB8-8B4A-11D0-8D11-00A0C91BC942}") = "day_4", "day_4\day_4.vcxproj", "{EE7865D1-0CC4-4909-96CC-1683FD009169}"
EndProject
Global
	GlobalSection(SolutionConfigurationPlatforms) = preSolution
		Debug|x64 = Debug|x64
		Debug|x86 = Debug|x86
		Release|x64 = Release|x64
		Release|x86 = Release|x86
	EndGlobalSection
	GlobalSection(ProjectConfigurationPlatforms) = postSolution
		{B69C8335-6D64-49A5-A236-38472C70863B}.Debug|x64.ActiveCfg = Debug|x64
		{B69C8335-6D64-49A5-A236-38472C70863B}.Debug|x64.Build.0 = Debug|x64
		{B69C8335-6D64-49A5-A236-38472C70863B}.Debug|x86.ActiveCfg = Debug|Win32
		{B69C8335-6D64-49A5-A236-38472C70863B}.Debug|x86.Build.0 = Debug|Win32
		{B69C8335-6D64-49A5-A236-38472C70863B}.Release|x64.ActiveCfg = Release|x64
		{B69C8335-6D64-49A5-A236-38472C70863B}.Release|x64.Build.0 = Release|x64
		{B69C8335-6D64-49A5-A236-38472C70863B}.Release|x86.ActiveCfg = Release|Win32
		{B69C8335-6D64-49A5-A236-38472C70863B}.Release|x86.Build.0 = Release|Win32
		{38B6EE9B-7E89-43AD-90EF-0914F490F9F5}.Debug|x64.ActiveCfg = Debug|x64
		{38B6EE9B-7E89-43AD-90EF-0914F490F9F5}.Debug|x64.Build.0 = Debug|x64
		{38B6EE9B-7E89-43AD-90EF-0914F490F9F5}.Debug|x86.ActiveCfg = Debug|Win32
		{38B6EE9B-7E89-43AD-90EF-0914F490F9F5}.Debug|x86.Build.0 = Debug|Win32
		{38B6EE9B-7E89-43AD-90EF-0914F490F9F5}.Release|x64.ActiveCfg = Release|x64
		{38B6EE9B-7E89-43AD-90EF-0914F490F9F5}.Release|x64.Build.0 = Release|x64
		{38B6EE9B-7E89-43AD-90EF-0914F490F9F5}.Release|x86.ActiveCfg = Release|Win32
		{38B6EE9B-7E89-43AD-90EF-0914F490F9F5}.Release|x86.Build.0 = Release|Win32
		{F0D7DD35-B773-4EEF-9054-0DF339C3289F}.Debug|x64.ActiveCfg = Debug|x64
		{F0D7DD35-B773-4EEF-9054-0DF339C3289F}.Debug|x64.Build.0 = Debug|x64
		{F0D7DD35-B773-4EEF-9054-0DF339C3289F}.Debug|x86.ActiveCfg = Debug|Win32
		{F0D7DD35-B773-4EEF-9054-0DF339C3289F}.Debug|x86.Build.0 = Debug|Win32
		{F0D7DD35-B773-4EEF-9054-0DF339C3289F}.Release|x64.ActiveCfg = Release|x64
		{F0D7DD35-B773-4EEF-9054-0DF339C3289F}.Release|x64.Build.0 = Release|x64
		{F0D7DD35-B773-4EEF-9054-0DF339C3289F}.Release|x86.ActiveCfg = Release|Win32
		{F0D7DD35-B773-4EEF-9054-0DF339C3289F}.Release|x86.Build.0 = Release|Win32
		{EE7865D1-0CC4-4909-96CC-1683FD009169}.Debug|x64.ActiveCfg = Debug|x64
		{EE7865D1-0CC4-4909-96CC-1683FD009169}.Debug|x64.Build.0 = Debug|x64
		{EE7865D1-0CC4-4909-96CC-1683FD009169}.Debug|x86.ActiveCfg = Debug|Win32
		{EE7865D1-0CC4-4909-96CC-1683FD009169}.Debug|x86.Build.0 = Debug|Win32
		{EE7865D1-0CC4-4909-96CC-1683FD009169}.Release|x64.ActiveCfg = Release|x64
		{EE7865D1-0CC4-4909-96CC-1683FD009169}.Release|x64.Build.0 = Release|x64
		{EE7865D1-0CC4-4909-96CC-1683FD009169}.Release|x86.ActiveCfg = Release|Win32
		{EE7865D1-0CC4-4909-96CC-1683FD009169}.Release|x86.Build.0 = Release|Win32
	EndGlobalSection
	GlobalSection(SolutionProperties) = preSolution
		HideSolutionNode = FALSE
	EndGlobalSection
	GlobalSection(ExtensibilityGlobals) = postSolution
		SolutionGuid = {AEA82FA8-2EC3-4E96-8556-F05468E4FF29}
	EndGlobalSection
EndGlobal
